
Microsoft Visual Studio Solution File, Format Version 12.00
# Visual Studio Version 17
VisualStudioVersion = 17.6.33417.168
MinimumVisualStudioVersion = 10.0.40219.1
Project("{FAE04EC0-301F-11D3-BF4B-00C04F79EFBC}") = "Downloads", "Downloads\Downloads.csproj", "{37A58F3B-395E-4C33-9D1B-A154769AC7D6}"
EndProject
Global
	GlobalSection(SolutionConfigurationPlatforms) = preSolution
		Debug|Any CPU = Debug|Any CPU
		Release|Any CPU = Release|Any CPU
	EndGlobalSection
	GlobalSection(ProjectConfigurationPlatforms) = postSolution
		{37A58F3B-395E-4C33-9D1B-A154769AC7D6}.Debug|Any CPU.ActiveCfg = Debug|Any CPU
		{37A58F3B-395E-4C33-9D1B-A154769AC7D6}.Debug|Any CPU.Build.0 = Debug|Any CPU
		{37A58F3B-395E-4C33-9D1B-A154769AC7D6}.Release|Any CPU.ActiveCfg = Release|Any CPU
		{37A58F3B-395E-4C33-9D1B-A154769AC7D6}.Release|Any CPU.Build.0 = Release|Any CPU
	EndGlobalSection
	GlobalSection(SolutionProperties) = preSolution
		HideSolutionNode = FALSE
	EndGlobalSection
	GlobalSection(ExtensibilityGlobals) = postSolution
		SolutionGuid = {41AB1450-D316-4308-A655-3DC2FCDD6533}
	EndGlobalSection
EndGlobal
